
Microsoft Visual Studio Solution File, Format Version 12.00
# Visual Studio Version 16
VisualStudioVersion = 16.0.31829.152
MinimumVisualStudioVersion = 10.0.40219.1
Project("{FAE04EC0-301F-11D3-BF4B-00C04F79EFBC}") = "WpfLesson7_7", "WpfLesson7_7\WpfLesson7_7.csproj", "{95E6F9E2-2B50-4D05-9328-5C752A3E8494}"
EndProject
Global
	GlobalSection(SolutionConfigurationPlatforms) = preSolution
		Debug|Any CPU = Debug|Any CPU
		Release|Any CPU = Release|Any CPU
	EndGlobalSection
	GlobalSection(ProjectConfigurationPlatforms) = postSolution
		{95E6F9E2-2B50-4D05-9328-5C752A3E8494}.Debug|Any CPU.ActiveCfg = Debug|Any CPU
		{95E6F9E2-2B50-4D05-9328-5C752A3E8494}.Debug|Any CPU.Build.0 = Debug|Any CPU
		{95E6F9E2-2B50-4D05-9328-5C752A3E8494}.Release|Any CPU.ActiveCfg = Release|Any CPU
		{95E6F9E2-2B50-4D05-9328-5C752A3E8494}.Release|Any CPU.Build.0 = Release|Any CPU
	EndGlobalSection
	GlobalSection(SolutionProperties) = preSolution
		HideSolutionNode = FALSE
	EndGlobalSection
	GlobalSection(ExtensibilityGlobals) = postSolution
		SolutionGuid = {91CC291A-D6AB-4523-8ABA-DDC846516D1C}
	EndGlobalSection
EndGlobal
